
Microsoft Visual Studio Solution File, Format Version 12.00
# Visual Studio Version 17
VisualStudioVersion = 17.13.35617.110 d17.13
MinimumVisualStudioVersion = 10.0.40219.1
Project("{FAE04EC0-301F-11D3-BF4B-00C04F79EFBC}") = "CRUD Project", "CRUD Project\CRUD Project.csproj", "{152CA92B-1909-496E-B3A7-286C59A3EE63}"
EndProject
Global
	GlobalSection(SolutionConfigurationPlatforms) = preSolution
		Debug|Any CPU = Debug|Any CPU
		Release|Any CPU = Release|Any CPU
	EndGlobalSection
	GlobalSection(ProjectConfigurationPlatforms) = postSolution
		{152CA92B-1909-496E-B3A7-286C59A3EE63}.Debug|Any CPU.ActiveCfg = Debug|Any CPU
		{152CA92B-1909-496E-B3A7-286C59A3EE63}.Debug|Any CPU.Build.0 = Debug|Any CPU
		{152CA92B-1909-496E-B3A7-286C59A3EE63}.Release|Any CPU.ActiveCfg = Release|Any CPU
		{152CA92B-1909-496E-B3A7-286C59A3EE63}.Release|Any CPU.Build.0 = Release|Any CPU
	EndGlobalSection
	GlobalSection(SolutionProperties) = preSolution
		HideSolutionNode = FALSE
	EndGlobalSection
	GlobalSection(ExtensibilityGlobals) = postSolution
		SolutionGuid = {52605DA2-D0DD-496B-9FDA-88EC373707FD}
	EndGlobalSection
EndGlobal
